
Microsoft Visual Studio Solution File, Format Version 12.00
# Visual Studio Version 17
VisualStudioVersion = 17.0.32002.185
MinimumVisualStudioVersion = 10.0.40219.1
Project("{FAE04EC0-301F-11D3-BF4B-00C04F79EFBC}") = "OhNoSolver", "OhNoSolver\OhNoSolver.csproj", "{945B64FE-F98A-4E92-8C48-9D8A79B4F348}"
EndProject
Project("{FAE04EC0-301F-11D3-BF4B-00C04F79EFBC}") = "OhNoSolverTests", "OhNoSolverTests\OhNoSolverTests.csproj", "{8613C0E3-967D-46DE-9DCE-166595BC1425}"
EndProject
Global
	GlobalSection(SolutionConfigurationPlatforms) = preSolution
		Debug|Any CPU = Debug|Any CPU
		Release|Any CPU = Release|Any CPU
	EndGlobalSection
	GlobalSection(ProjectConfigurationPlatforms) = postSolution
		{945B64FE-F98A-4E92-8C48-9D8A79B4F348}.Debug|Any CPU.ActiveCfg = Debug|Any CPU
		{945B64FE-F98A-4E92-8C48-9D8A79B4F348}.Debug|Any CPU.Build.0 = Debug|Any CPU
		{945B64FE-F98A-4E92-8C48-9D8A79B4F348}.Release|Any CPU.ActiveCfg = Release|Any CPU
		{945B64FE-F98A-4E92-8C48-9D8A79B4F348}.Release|Any CPU.Build.0 = Release|Any CPU
		{8613C0E3-967D-46DE-9DCE-166595BC1425}.Debug|Any CPU.ActiveCfg = Debug|Any CPU
		{8613C0E3-967D-46DE-9DCE-166595BC1425}.Debug|Any CPU.Build.0 = Debug|Any CPU
		{8613C0E3-967D-46DE-9DCE-166595BC1425}.Release|Any CPU.ActiveCfg = Release|Any CPU
		{8613C0E3-967D-46DE-9DCE-166595BC1425}.Release|Any CPU.Build.0 = Release|Any CPU
	EndGlobalSection
	GlobalSection(SolutionProperties) = preSolution
		HideSolutionNode = FALSE
	EndGlobalSection
	GlobalSection(ExtensibilityGlobals) = postSolution
		SolutionGuid = {62587B28-D525-4B2A-8727-8FB1791E0CB7}
	EndGlobalSection
EndGlobal
